{
  "version": 4,
  "terraform_version": "1.4.0",
  "serial": 31,
  "lineage": "9b4f1cd4-c94d-eef0-0fdd-c3a9877dae44",
  "outputs": {},
  "resources": [
    {
      "mode": "managed",
      "type": "helm_release",
      "name": "calico",
      "provider": "provider[\"registry.terraform.io/hashicorp/helm\"]",
      "instances": [
        {
          "schema_version": 0,
          "attributes": {
            "atomic": false,
            "chart": "tigera-operator",
            "cleanup_on_fail": false,
            "create_namespace": true,
            "dependency_update": false,
            "description": null,
            "devel": null,
            "disable_crd_hooks": false,
            "disable_openapi_validation": false,
            "disable_webhooks": false,
            "force_update": false,
            "id": "calico",
            "keyring": null,
            "lint": false,
            "manifest": null,
            "max_history": 0,
            "metadata": [
              {
                "app_version": "v3.26.4",
                "chart": "tigera-operator",
                "name": "calico",
                "namespace": "calico-system",
                "revision": 1,
                "values": "null",
                "version": "v3.26.4"
              }
            ],
            "name": "calico",
            "namespace": "calico-system",
            "postrender": [],
            "recreate_pods": false,
            "render_subchart_notes": true,
            "replace": false,
            "repository": "https://docs.tigera.io/calico/charts",
            "repository_ca_file": null,
            "repository_cert_file": null,
            "repository_key_file": null,
            "repository_password": null,
            "repository_username": null,
            "reset_values": false,
            "reuse_values": false,
            "set": [],
            "set_sensitive": [],
            "skip_crds": false,
            "status": "deployed",
            "timeout": 300,
            "values": null,
            "verify": false,
            "version": "v3.26.4",
            "wait": true,
            "wait_for_jobs": false
          },
          "sensitive_attributes": [],
          "private": "bnVsbA=="
        }
      ]
    },
    {
      "mode": "managed",
      "type": "helm_release",
      "name": "istio-base",
      "provider": "provider[\"registry.terraform.io/hashicorp/helm\"]",
      "instances": [
        {
          "schema_version": 0,
          "attributes": {
            "atomic": false,
            "chart": "istio-base",
            "cleanup_on_fail": false,
            "create_namespace": true,
            "dependency_update": false,
            "description": null,
            "devel": null,
            "disable_crd_hooks": false,
            "disable_openapi_validation": false,
            "disable_webhooks": false,
            "force_update": false,
            "id": "istio-base",
            "keyring": null,
            "lint": false,
            "manifest": null,
            "max_history": 0,
            "metadata": [
              {
                "app_version": "1.16.0",
                "chart": "istio-base",
                "name": "istio-base",
                "namespace": "istio-system",
                "revision": 1,
                "values": "null",
                "version": "1.16.0"
              }
            ],
            "name": "istio-base",
            "namespace": "istio-system",
            "postrender": [],
            "recreate_pods": false,
            "render_subchart_notes": true,
            "replace": false,
            "repository": "https://kubeslice.aveshalabs.io/repository/kubeslice-helm-ent-prod/",
            "repository_ca_file": null,
            "repository_cert_file": null,
            "repository_key_file": null,
            "repository_password": null,
            "repository_username": null,
            "reset_values": false,
            "reuse_values": false,
            "set": [],
            "set_sensitive": [],
            "skip_crds": false,
            "status": "deployed",
            "timeout": 300,
            "values": null,
            "verify": false,
            "version": "1.16.0",
            "wait": true,
            "wait_for_jobs": false
          },
          "sensitive_attributes": [],
          "private": "bnVsbA=="
        }
      ]
    },
    {
      "mode": "managed",
      "type": "helm_release",
      "name": "istiod",
      "provider": "provider[\"registry.terraform.io/hashicorp/helm\"]",
      "instances": [
        {
          "schema_version": 0,
          "attributes": {
            "atomic": false,
            "chart": "istio-discovery",
            "cleanup_on_fail": false,
            "create_namespace": true,
            "dependency_update": false,
            "description": null,
            "devel": null,
            "disable_crd_hooks": false,
            "disable_openapi_validation": false,
            "disable_webhooks": false,
            "force_update": false,
            "id": "istiod",
            "keyring": null,
            "lint": false,
            "manifest": null,
            "max_history": 0,
            "metadata": [
              {
                "app_version": "1.16.0",
                "chart": "istio-discovery",
                "name": "istiod",
                "namespace": "istio-system",
                "revision": 1,
                "values": "null",
                "version": "1.16.0"
              }
            ],
            "name": "istiod",
            "namespace": "istio-system",
            "postrender": [],
            "recreate_pods": false,
            "render_subchart_notes": true,
            "replace": false,
            "repository": "https://kubeslice.aveshalabs.io/repository/kubeslice-helm-ent-prod/",
            "repository_ca_file": null,
            "repository_cert_file": null,
            "repository_key_file": null,
            "repository_password": null,
            "repository_username": null,
            "reset_values": false,
            "reuse_values": false,
            "set": [],
            "set_sensitive": [],
            "skip_crds": false,
            "status": "deployed",
            "timeout": 300,
            "values": null,
            "verify": false,
            "version": "1.16.0",
            "wait": true,
            "wait_for_jobs": false
          },
          "sensitive_attributes": [],
          "private": "bnVsbA==",
          "dependencies": [
            "helm_release.istio-base"
          ]
        }
      ]
    },
    {
      "mode": "managed",
      "type": "helm_release",
      "name": "kubeslice-controller",
      "provider": "provider[\"registry.terraform.io/hashicorp/helm\"]",
      "instances": [
        {
          "schema_version": 0,
          "attributes": {
            "atomic": false,
            "chart": "kubeslice-controller",
            "cleanup_on_fail": false,
            "create_namespace": true,
            "dependency_update": false,
            "description": null,
            "devel": null,
            "disable_crd_hooks": false,
            "disable_openapi_validation": false,
            "disable_webhooks": false,
            "force_update": false,
            "id": "kubeslice-controller",
            "keyring": null,
            "lint": false,
            "manifest": null,
            "max_history": 0,
            "metadata": [
              {
                "app_version": "1.4.0",
                "chart": "kubeslice-controller",
                "name": "kubeslice-controller",
                "namespace": "kubeslice-controller",
                "revision": 1,
                "values": "{\"imagePullSecrets\":{\"email\":\"ruturaj@infracloud.io\",\"password\":\"dckr_pat_VB7l5YX0Q5OEK5HEkJniGr2Ymd8\",\"repository\":\"https://index.docker.io/v1/\",\"username\":\"aveshaenterprise\"},\"kubeslice\":{\"controller\":{\"endpoint\":\"https://371F4177C82ADFCDD3F3BC07023600EB.gr7.ap-south-1.eks.amazonaws.com\",\"logLevel\":\"info\",\"projectnsPrefix\":\"kubeslice\",\"rbacResourcePrefix\":\"kubeslice-rbac\"}}}",
                "version": "1.4.0"
              }
            ],
            "name": "kubeslice-controller",
            "namespace": "kubeslice-controller",
            "postrender": [],
            "recreate_pods": false,
            "render_subchart_notes": true,
            "replace": false,
            "repository": "https://kubeslice.aveshalabs.io/repository/kubeslice-helm-ent-prod/",
            "repository_ca_file": null,
            "repository_cert_file": null,
            "repository_key_file": null,
            "repository_password": null,
            "repository_username": null,
            "reset_values": false,
            "reuse_values": false,
            "set": [],
            "set_sensitive": [],
            "skip_crds": false,
            "status": "deployed",
            "timeout": 300,
            "values": [
              "kubeslice:\r\n  controller:\r\n    logLevel: info\r\n    rbacResourcePrefix: kubeslice-rbac\r\n    projectnsPrefix: kubeslice\r\n    endpoint: https://371F4177C82ADFCDD3F3BC07023600EB.gr7.ap-south-1.eks.amazonaws.com\r\nimagePullSecrets:\r\n  email: ruturaj@infracloud.io\r\n  password: dckr_pat_VB7l5YX0Q5OEK5HEkJniGr2Ymd8\r\n  repository: https://index.docker.io/v1/\r\n  username: aveshaenterprise    "
            ],
            "verify": false,
            "version": "1.4.0",
            "wait": true,
            "wait_for_jobs": false
          },
          "sensitive_attributes": [],
          "private": "bnVsbA=="
        }
      ]
    },
    {
      "mode": "managed",
      "type": "helm_release",
      "name": "kubeslice-ui",
      "provider": "provider[\"registry.terraform.io/hashicorp/helm\"]",
      "instances": [
        {
          "schema_version": 0,
          "attributes": {
            "atomic": false,
            "chart": "kubeslice-ui",
            "cleanup_on_fail": false,
            "create_namespace": true,
            "dependency_update": false,
            "description": null,
            "devel": null,
            "disable_crd_hooks": false,
            "disable_openapi_validation": false,
            "disable_webhooks": false,
            "force_update": false,
            "id": "kubeslice-ui",
            "keyring": null,
            "lint": false,
            "manifest": null,
            "max_history": 0,
            "metadata": [
              {
                "app_version": "1.4.0",
                "chart": "kubeslice-ui",
                "name": "kubeslice-ui",
                "namespace": "kubeslice-controller",
                "revision": 1,
                "values": "{\"imagePullSecrets\":{\"email\":\"ruturaj@infracloud.io\",\"password\":\"dckr_pat_VB7l5YX0Q5OEK5HEkJniGr2Ymd8\",\"repository\":\"https://index.docker.io/v1/\",\"username\":\"aveshaenterprise\"}}",
                "version": "1.4.0"
              }
            ],
            "name": "kubeslice-ui",
            "namespace": "kubeslice-controller",
            "postrender": [],
            "recreate_pods": false,
            "render_subchart_notes": true,
            "replace": false,
            "repository": "https://kubeslice.aveshalabs.io/repository/kubeslice-helm-ent-prod/",
            "repository_ca_file": null,
            "repository_cert_file": null,
            "repository_key_file": null,
            "repository_password": null,
            "repository_username": null,
            "reset_values": false,
            "reuse_values": false,
            "set": [],
            "set_sensitive": [],
            "skip_crds": false,
            "status": "deployed",
            "timeout": 300,
            "values": [
              "imagePullSecrets:\r\n  email: ruturaj@infracloud.io\r\n  password: dckr_pat_VB7l5YX0Q5OEK5HEkJniGr2Ymd8\r\n  repository: https://index.docker.io/v1/\r\n  username: aveshaenterprise\r\n# kubeslice:\r\n#   uiproxy:\r\n#     service:\r\n#       type: NodePort\r\n#       nodePort: 31443"
            ],
            "verify": false,
            "version": "1.4.0",
            "wait": true,
            "wait_for_jobs": false
          },
          "sensitive_attributes": [],
          "private": "bnVsbA=="
        }
      ]
    }
  ],
  "check_results": null
}
